
Microsoft Visual Studio Solution File, Format Version 12.00
# Visual Studio Version 17
VisualStudioVersion = 17.14.36511.14 d17.14
MinimumVisualStudioVersion = 10.0.40219.1
Project("{FAE04EC0-301F-11D3-BF4B-00C04F79EFBC}") = "FormMainApp", "FormMainApp\FormMainApp.csproj", "{721D3C2A-590C-4A3F-BC5D-01CA418DEFC7}"
EndProject
Project("{FAE04EC0-301F-11D3-BF4B-00C04F79EFBC}") = "test", "test\test.csproj", "{CB2B4120-EA40-48DB-AAE6-042B284DDFE2}"
EndProject
Global
	GlobalSection(SolutionConfigurationPlatforms) = preSolution
		Debug|Any CPU = Debug|Any CPU
		Release|Any CPU = Release|Any CPU
	EndGlobalSection
	GlobalSection(ProjectConfigurationPlatforms) = postSolution
		{721D3C2A-590C-4A3F-BC5D-01CA418DEFC7}.Debug|Any CPU.ActiveCfg = Debug|Any CPU
		{721D3C2A-590C-4A3F-BC5D-01CA418DEFC7}.Debug|Any CPU.Build.0 = Debug|Any CPU
		{721D3C2A-590C-4A3F-BC5D-01CA418DEFC7}.Release|Any CPU.ActiveCfg = Release|Any CPU
		{721D3C2A-590C-4A3F-BC5D-01CA418DEFC7}.Release|Any CPU.Build.0 = Release|Any CPU
		{CB2B4120-EA40-48DB-AAE6-042B284DDFE2}.Debug|Any CPU.ActiveCfg = Debug|Any CPU
		{CB2B4120-EA40-48DB-AAE6-042B284DDFE2}.Debug|Any CPU.Build.0 = Debug|Any CPU
		{CB2B4120-EA40-48DB-AAE6-042B284DDFE2}.Release|Any CPU.ActiveCfg = Release|Any CPU
		{CB2B4120-EA40-48DB-AAE6-042B284DDFE2}.Release|Any CPU.Build.0 = Release|Any CPU
	EndGlobalSection
	GlobalSection(SolutionProperties) = preSolution
		HideSolutionNode = FALSE
	EndGlobalSection
	GlobalSection(ExtensibilityGlobals) = postSolution
		SolutionGuid = {CFF7E923-10E4-42D0-B535-5BE61AC8EFDF}
	EndGlobalSection
EndGlobal
